// !$*UTF8*$!
{
	archiveVersion = 1;
	classes = {
	};
	objectVersion = 50;
	objects = {

/* Begin PBXBuildFile section */
		2C43AED32482B32A0038BDB3 /* TicketDetailPopup.swift in Sources */ = {isa = PBXBuildFile; fileRef = 2C43AED22482B32A0038BDB3 /* TicketDetailPopup.swift */; };
		2C9B719A2472CFBC0053893A /* AppDelegate.swift in Sources */ = {isa = PBXBuildFile; fileRef = 2C9B71992472CFBC0053893A /* AppDelegate.swift */; };
		2C9B719C2472CFBC0053893A /* SceneDelegate.swift in Sources */ = {isa = PBXBuildFile; fileRef = 2C9B719B2472CFBC0053893A /* SceneDelegate.swift */; };
		2C9B71A32472CFBC0053893A /* Main.storyboard in Resources */ = {isa = PBXBuildFile; fileRef = 2C9B71A12472CFBC0053893A /* Main.storyboard */; };
		2C9B71A52472CFBE0053893A /* Assets.xcassets in Resources */ = {isa = PBXBuildFile; fileRef = 2C9B71A42472CFBE0053893A /* Assets.xcassets */; };
		2C9B71A82472CFBE0053893A /* LaunchScreen.storyboard in Resources */ = {isa = PBXBuildFile; fileRef = 2C9B71A62472CFBE0053893A /* LaunchScreen.storyboard */; };
		2C9B71B22472D3740053893A /* CurrentRaffleTableViewController.swift in Sources */ = {isa = PBXBuildFile; fileRef = 2C9B71B12472D3740053893A /* CurrentRaffleTableViewController.swift */; };
		2C9B71B4247399890053893A /* SQLiteDatabase.swift in Sources */ = {isa = PBXBuildFile; fileRef = 2C9B71B3247399890053893A /* SQLiteDatabase.swift */; };
		2C9B71B624739CBB0053893A /* Raffle.swift in Sources */ = {isa = PBXBuildFile; fileRef = 2C9B71B524739CBB0053893A /* Raffle.swift */; };
		2C9B71B824739EE60053893A /* Ticket.swift in Sources */ = {isa = PBXBuildFile; fileRef = 2C9B71B724739EE60053893A /* Ticket.swift */; };
		2C9B71BA24739FCB0053893A /* Customer.swift in Sources */ = {isa = PBXBuildFile; fileRef = 2C9B71B924739FCB0053893A /* Customer.swift */; };
		2C9B71BC2473A8170053893A /* CurrentRaffleTableViewCell.swift in Sources */ = {isa = PBXBuildFile; fileRef = 2C9B71BB2473A8170053893A /* CurrentRaffleTableViewCell.swift */; };
		2C9B71BE2473CA130053893A /* AddRaffleViewController.swift in Sources */ = {isa = PBXBuildFile; fileRef = 2C9B71BD2473CA130053893A /* AddRaffleViewController.swift */; };
		2C9B71C02473CC300053893A /* VeiwRaffleDetailViewController.swift in Sources */ = {isa = PBXBuildFile; fileRef = 2C9B71BF2473CC300053893A /* VeiwRaffleDetailViewController.swift */; };
		2C9B71C224754E750053893A /* TicketTableViewController.swift in Sources */ = {isa = PBXBuildFile; fileRef = 2C9B71C124754E750053893A /* TicketTableViewController.swift */; };
		2C9B71C424754EA10053893A /* TicketTableViewCell.swift in Sources */ = {isa = PBXBuildFile; fileRef = 2C9B71C324754EA10053893A /* TicketTableViewCell.swift */; };
		2C9B71C6247645160053893A /* RaffleDrawViewController.swift in Sources */ = {isa = PBXBuildFile; fileRef = 2C9B71C5247645160053893A /* RaffleDrawViewController.swift */; };
		2C9B71C8247676240053893A /* PastRaffleTableViewController.swift in Sources */ = {isa = PBXBuildFile; fileRef = 2C9B71C7247676240053893A /* PastRaffleTableViewController.swift */; };
		2C9B71CA247676440053893A /* PastRaffleTableViewCell.swift in Sources */ = {isa = PBXBuildFile; fileRef = 2C9B71C9247676440053893A /* PastRaffleTableViewCell.swift */; };
		2C9B71CC24767BBF0053893A /* OrganizationInfoViewController.swift in Sources */ = {isa = PBXBuildFile; fileRef = 2C9B71CB24767BBF0053893A /* OrganizationInfoViewController.swift */; };
/* End PBXBuildFile section */

/* Begin PBXFileReference section */
		2C43AED22482B32A0038BDB3 /* TicketDetailPopup.swift */ = {isa = PBXFileReference; lastKnownFileType = sourcecode.swift; path = TicketDetailPopup.swift; sourceTree = "<group>"; };
		2C9B71962472CFBB0053893A /* RaffleApp.app */ = {isa = PBXFileReference; explicitFileType = wrapper.application; includeInIndex = 0; path = RaffleApp.app; sourceTree = BUILT_PRODUCTS_DIR; };
		2C9B71992472CFBC0053893A /* AppDelegate.swift */ = {isa = PBXFileReference; lastKnownFileType = sourcecode.swift; path = AppDelegate.swift; sourceTree = "<group>"; };
		2C9B719B2472CFBC0053893A /* SceneDelegate.swift */ = {isa = PBXFileReference; lastKnownFileType = sourcecode.swift; path = SceneDelegate.swift; sourceTree = "<group>"; };
		2C9B71A22472CFBC0053893A /* Base */ = {isa = PBXFileReference; lastKnownFileType = file.storyboard; name = Base; path = Base.lproj/Main.storyboard; sourceTree = "<group>"; };
		2C9B71A42472CFBE0053893A /* Assets.xcassets */ = {isa = PBXFileReference; lastKnownFileType = folder.assetcatalog; path = Assets.xcassets; sourceTree = "<group>"; };
		2C9B71A72472CFBE0053893A /* Base */ = {isa = PBXFileReference; lastKnownFileType = file.storyboard; name = Base; path = Base.lproj/LaunchScreen.storyboard; sourceTree = "<group>"; };
		2C9B71A92472CFBE0053893A /* Info.plist */ = {isa = PBXFileReference; lastKnownFileType = text.plist.xml; path = Info.plist; sourceTree = "<group>"; };
		2C9B71B12472D3740053893A /* CurrentRaffleTableViewController.swift */ = {isa = PBXFileReference; lastKnownFileType = sourcecode.swift; path = CurrentRaffleTableViewController.swift; sourceTree = "<group>"; };
		2C9B71B3247399890053893A /* SQLiteDatabase.swift */ = {isa = PBXFileReference; lastKnownFileType = sourcecode.swift; path = SQLiteDatabase.swift; sourceTree = "<group>"; };
		2C9B71B524739CBB0053893A /* Raffle.swift */ = {isa = PBXFileReference; lastKnownFileType = sourcecode.swift; path = Raffle.swift; sourceTree = "<group>"; };
		2C9B71B724739EE60053893A /* Ticket.swift */ = {isa = PBXFileReference; lastKnownFileType = sourcecode.swift; path = Ticket.swift; sourceTree = "<group>"; };
		2C9B71B924739FCB0053893A /* Customer.swift */ = {isa = PBXFileReference; lastKnownFileType = sourcecode.swift; path = Customer.swift; sourceTree = "<group>"; };
		2C9B71BB2473A8170053893A /* CurrentRaffleTableViewCell.swift */ = {isa = PBXFileReference; lastKnownFileType = sourcecode.swift; path = CurrentRaffleTableViewCell.swift; sourceTree = "<group>"; };
		2C9B71BD2473CA130053893A /* AddRaffleViewController.swift */ = {isa = PBXFileReference; lastKnownFileType = sourcecode.swift; path = AddRaffleViewController.swift; sourceTree = "<group>"; };
		2C9B71BF2473CC300053893A /* VeiwRaffleDetailViewController.swift */ = {isa = PBXFileReference; lastKnownFileType = sourcecode.swift; path = VeiwRaffleDetailViewController.swift; sourceTree = "<group>"; };
		2C9B71C124754E750053893A /* TicketTableViewController.swift */ = {isa = PBXFileReference; lastKnownFileType = sourcecode.swift; path = TicketTableViewController.swift; sourceTree = "<group>"; };
		2C9B71C324754EA10053893A /* TicketTableViewCell.swift */ = {isa = PBXFileReference; lastKnownFileType = sourcecode.swift; path = TicketTableViewCell.swift; sourceTree = "<group>"; };
		2C9B71C5247645160053893A /* RaffleDrawViewController.swift */ = {isa = PBXFileReference; lastKnownFileType = sourcecode.swift; path = RaffleDrawViewController.swift; sourceTree = "<group>"; };
		2C9B71C7247676240053893A /* PastRaffleTableViewController.swift */ = {isa = PBXFileReference; lastKnownFileType = sourcecode.swift; path = PastRaffleTableViewController.swift; sourceTree = "<group>"; };
		2C9B71C9247676440053893A /* PastRaffleTableViewCell.swift */ = {isa = PBXFileReference; lastKnownFileType = sourcecode.swift; path = PastRaffleTableViewCell.swift; sourceTree = "<group>"; };
		2C9B71CB24767BBF0053893A /* OrganizationInfoViewController.swift */ = {isa = PBXFileReference; lastKnownFileType = sourcecode.swift; path = OrganizationInfoViewController.swift; sourceTree = "<group>"; };
/* End PBXFileReference section */

/* Begin PBXFrameworksBuildPhase section */
		2C9B71932472CFBB0053893A /* Frameworks */ = {
			isa = PBXFrameworksBuildPhase;
			buildActionMask = 2147483647;
			files = (
			);
			runOnlyForDeploymentPostprocessing = 0;
		};
/* End PBXFrameworksBuildPhase section */

/* Begin PBXGroup section */
		2C9B718D2472CFBB0053893A = {
			isa = PBXGroup;
			children = (
				2C9B71982472CFBB0053893A /* RaffleApp */,
				2C9B71972472CFBB0053893A /* Products */,
			);
			sourceTree = "<group>";
		};
		2C9B71972472CFBB0053893A /* Products */ = {
			isa = PBXGroup;
			children = (
				2C9B71962472CFBB0053893A /* RaffleApp.app */,
			);
			name = Products;
			sourceTree = "<group>";
		};
		2C9B71982472CFBB0053893A /* RaffleApp */ = {
			isa = PBXGroup;
			children = (
				2C9B71992472CFBC0053893A /* AppDelegate.swift */,
				2C9B719B2472CFBC0053893A /* SceneDelegate.swift */,
				2C9B71A12472CFBC0053893A /* Main.storyboard */,
				2C9B71A42472CFBE0053893A /* Assets.xcassets */,
				2C9B71A62472CFBE0053893A /* LaunchScreen.storyboard */,
				2C9B71A92472CFBE0053893A /* Info.plist */,
				2C9B71BB2473A8170053893A /* CurrentRaffleTableViewCell.swift */,
				2C9B71B12472D3740053893A /* CurrentRaffleTableViewController.swift */,
				2C9B71B3247399890053893A /* SQLiteDatabase.swift */,
				2C9B71B524739CBB0053893A /* Raffle.swift */,
				2C9B71B724739EE60053893A /* Ticket.swift */,
				2C9B71B924739FCB0053893A /* Customer.swift */,
				2C9B71BD2473CA130053893A /* AddRaffleViewController.swift */,
				2C9B71BF2473CC300053893A /* VeiwRaffleDetailViewController.swift */,
				2C9B71C124754E750053893A /* TicketTableViewController.swift */,
				2C9B71C324754EA10053893A /* TicketTableViewCell.swift */,
				2C9B71C5247645160053893A /* RaffleDrawViewController.swift */,
				2C9B71C7247676240053893A /* PastRaffleTableViewController.swift */,
				2C9B71C9247676440053893A /* PastRaffleTableViewCell.swift */,
				2C9B71CB24767BBF0053893A /* OrganizationInfoViewController.swift */,
				2C43AED22482B32A0038BDB3 /* TicketDetailPopup.swift */,
			);
			path = RaffleApp;
			sourceTree = "<group>";
		};
/* End PBXGroup section */

/* Begin PBXNativeTarget section */
		2C9B71952472CFBB0053893A /* RaffleApp */ = {
			isa = PBXNativeTarget;
			buildConfigurationList = 2C9B71AC2472CFBE0053893A /* Build configuration list for PBXNativeTarget "RaffleApp" */;
			buildPhases = (
				2C9B71922472CFBB0053893A /* Sources */,
				2C9B71932472CFBB0053893A /* Frameworks */,
				2C9B71942472CFBB0053893A /* Resources */,
			);
			buildRules = (
			);
			dependencies = (
			);
			name = RaffleApp;
			productName = RaffleApp;
			productReference = 2C9B71962472CFBB0053893A /* RaffleApp.app */;
			productType = "com.apple.product-type.application";
		};
/* End PBXNativeTarget section */

/* Begin PBXProject section */
		2C9B718E2472CFBB0053893A /* Project object */ = {
			isa = PBXProject;
			attributes = {
				LastSwiftUpdateCheck = 1130;
				LastUpgradeCheck = 1130;
				ORGANIZATIONNAME = "Lianxue Zhang";
				TargetAttributes = {
					2C9B71952472CFBB0053893A = {
						CreatedOnToolsVersion = 11.3.1;
					};
				};
			};
			buildConfigurationList = 2C9B71912472CFBB0053893A /* Build configuration list for PBXProject "RaffleApp" */;
			compatibilityVersion = "Xcode 9.3";
			developmentRegion = en;
			hasScannedForEncodings = 0;
			knownRegions = (
				en,
				Base,
			);
			mainGroup = 2C9B718D2472CFBB0053893A;
			productRefGroup = 2C9B71972472CFBB0053893A /* Products */;
			projectDirPath = "";
			projectRoot = "";
			targets = (
				2C9B71952472CFBB0053893A /* RaffleApp */,
			);
		};
/* End PBXProject section */

/* Begin PBXResourcesBuildPhase section */
		2C9B71942472CFBB0053893A /* Resources */ = {
			isa = PBXResourcesBuildPhase;
			buildActionMask = 2147483647;
			files = (
				2C9B71A82472CFBE0053893A /* LaunchScreen.storyboard in Resources */,
				2C9B71A52472CFBE0053893A /* Assets.xcassets in Resources */,
				2C9B71A32472CFBC0053893A /* Main.storyboard in Resources */,
			);
			runOnlyForDeploymentPostprocessing = 0;
		};
/* End PBXResourcesBuildPhase section */

/* Begin PBXSourcesBuildPhase section */
		2C9B71922472CFBB0053893A /* Sources */ = {
			isa = PBXSourcesBuildPhase;
			buildActionMask = 2147483647;
			files = (
				2C9B71CC24767BBF0053893A /* OrganizationInfoViewController.swift in Sources */,
				2C43AED32482B32A0038BDB3 /* TicketDetailPopup.swift in Sources */,
				2C9B71BA24739FCB0053893A /* Customer.swift in Sources */,
				2C9B71B22472D3740053893A /* CurrentRaffleTableViewController.swift in Sources */,
				2C9B71CA247676440053893A /* PastRaffleTableViewCell.swift in Sources */,
				2C9B71C02473CC300053893A /* VeiwRaffleDetailViewController.swift in Sources */,
				2C9B71B824739EE60053893A /* Ticket.swift in Sources */,
				2C9B719A2472CFBC0053893A /* AppDelegate.swift in Sources */,
				2C9B71C424754EA10053893A /* TicketTableViewCell.swift in Sources */,
				2C9B719C2472CFBC0053893A /* SceneDelegate.swift in Sources */,
				2C9B71BC2473A8170053893A /* CurrentRaffleTableViewCell.swift in Sources */,
				2C9B71B4247399890053893A /* SQLiteDatabase.swift in Sources */,
				2C9B71C6247645160053893A /* RaffleDrawViewController.swift in Sources */,
				2C9B71BE2473CA130053893A /* AddRaffleViewController.swift in Sources */,
				2C9B71B624739CBB0053893A /* Raffle.swift in Sources */,
				2C9B71C8247676240053893A /* PastRaffleTableViewController.swift in Sources */,
				2C9B71C224754E750053893A /* TicketTableViewController.swift in Sources */,
			);
			runOnlyForDeploymentPostprocessing = 0;
		};
/* End PBXSourcesBuildPhase section */

/* Begin PBXVariantGroup section */
		2C9B71A12472CFBC0053893A /* Main.storyboard */ = {
			isa = PBXVariantGroup;
			children = (
				2C9B71A22472CFBC0053893A /* Base */,
			);
			name = Main.storyboard;
			sourceTree = "<group>";
		};
		2C9B71A62472CFBE0053893A /* LaunchScreen.storyboard */ = {
			isa = PBXVariantGroup;
			children = (
				2C9B71A72472CFBE0053893A /* Base */,
			);
			name = LaunchScreen.storyboard;
			sourceTree = "<group>";
		};
/* End PBXVariantGroup section */

/* Begin XCBuildConfiguration section */
		2C9B71AA2472CFBE0053893A /* Debug */ = {
			isa = XCBuildConfiguration;
			buildSettings = {
				ALWAYS_SEARCH_USER_PATHS = NO;
				CLANG_ANALYZER_NONNULL = YES;
				CLANG_ANALYZER_NUMBER_OBJECT_CONVERSION = YES_AGGRESSIVE;
				CLANG_CXX_LANGUAGE_STANDARD = "gnu++14";
				CLANG_CXX_LIBRARY = "libc++";
				CLANG_ENABLE_MODULES = YES;
				CLANG_ENABLE_OBJC_ARC = YES;
				CLANG_ENABLE_OBJC_WEAK = YES;
				CLANG_WARN_BLOCK_CAPTURE_AUTORELEASING = YES;
				CLANG_WARN_BOOL_CONVERSION = YES;
				CLANG_WARN_COMMA = YES;
				CLANG_WARN_CONSTANT_CONVERSION = YES;
				CLANG_WARN_DEPRECATED_OBJC_IMPLEMENTATIONS = YES;
				CLANG_WARN_DIRECT_OBJC_ISA_USAGE = YES_ERROR;
				CLANG_WARN_DOCUMENTATION_COMMENTS = YES;
				CLANG_WARN_EMPTY_BODY = YES;
				CLANG_WARN_ENUM_CONVERSION = YES;
				CLANG_WARN_INFINITE_RECURSION = YES;
				CLANG_WARN_INT_CONVERSION = YES;
				CLANG_WARN_NON_LITERAL_NULL_CONVERSION = YES;
				CLANG_WARN_OBJC_IMPLICIT_RETAIN_SELF = YES;
				CLANG_WARN_OBJC_LITERAL_CONVERSION = YES;
				CLANG_WARN_OBJC_ROOT_CLASS = YES_ERROR;
				CLANG_WARN_RANGE_LOOP_ANALYSIS = YES;
				CLANG_WARN_STRICT_PROTOTYPES = YES;
				CLANG_WARN_SUSPICIOUS_MOVE = YES;
				CLANG_WARN_UNGUARDED_AVAILABILITY = YES_AGGRESSIVE;
				CLANG_WARN_UNREACHABLE_CODE = YES;
				CLANG_WARN__DUPLICATE_METHOD_MATCH = YES;
				COPY_PHASE_STRIP = NO;
				DEBUG_INFORMATION_FORMAT = dwarf;
				ENABLE_STRICT_OBJC_MSGSEND = YES;
				ENABLE_TESTABILITY = YES;
				GCC_C_LANGUAGE_STANDARD = gnu11;
				GCC_DYNAMIC_NO_PIC = NO;
				GCC_NO_COMMON_BLOCKS = YES;
				GCC_OPTIMIZATION_LEVEL = 0;
				GCC_PREPROCESSOR_DEFINITIONS = (
					"DEBUG=1",
					"$(inherited)",
				);
				GCC_WARN_64_TO_32_BIT_CONVERSION = YES;
				GCC_WARN_ABOUT_RETURN_TYPE = YES_ERROR;
				GCC_WARN_UNDECLARED_SELECTOR = YES;
				GCC_WARN_UNINITIALIZED_AUTOS = YES_AGGRESSIVE;
				GCC_WARN_UNUSED_FUNCTION = YES;
				GCC_WARN_UNUSED_VARIABLE = YES;
				IPHONEOS_DEPLOYMENT_TARGET = 13.2;
				MTL_ENABLE_DEBUG_INFO = INCLUDE_SOURCE;
				MTL_FAST_MATH = YES;
				ONLY_ACTIVE_ARCH = YES;
				SDKROOT = iphoneos;
				SWIFT_ACTIVE_COMPILATION_CONDITIONS = DEBUG;
				SWIFT_OPTIMIZATION_LEVEL = "-Onone";
			};
			name = Debug;
		};
		2C9B71AB2472CFBE0053893A /* Release */ = {
			isa = XCBuildConfiguration;
			buildSettings = {
				ALWAYS_SEARCH_USER_PATHS = NO;
				CLANG_ANALYZER_NONNULL = YES;
				CLANG_ANALYZER_NUMBER_OBJECT_CONVERSION = YES_AGGRESSIVE;
				CLANG_CXX_LANGUAGE_STANDARD = "gnu++14";
				CLANG_CXX_LIBRARY = "libc++";
				CLANG_ENABLE_MODULES = YES;
				CLANG_ENABLE_OBJC_ARC = YES;
				CLANG_ENABLE_OBJC_WEAK = YES;
				CLANG_WARN_BLOCK_CAPTURE_AUTORELEASING = YES;
				CLANG_WARN_BOOL_CONVERSION = YES;
				CLANG_WARN_COMMA = YES;
				CLANG_WARN_CONSTANT_CONVERSION = YES;
				CLANG_WARN_DEPRECATED_OBJC_IMPLEMENTATIONS = YES;
				CLANG_WARN_DIRECT_OBJC_ISA_USAGE = YES_ERROR;
				CLANG_WARN_DOCUMENTATION_COMMENTS = YES;
				CLANG_WARN_EMPTY_BODY = YES;
				CLANG_WARN_ENUM_CONVERSION = YES;
				CLANG_WARN_INFINITE_RECURSION = YES;
				CLANG_WARN_INT_CONVERSION = YES;
				CLANG_WARN_NON_LITERAL_NULL_CONVERSION = YES;
				CLANG_WARN_OBJC_IMPLICIT_RETAIN_SELF = YES;
				CLANG_WARN_OBJC_LITERAL_CONVERSION = YES;
				CLANG_WARN_OBJC_ROOT_CLASS = YES_ERROR;
				CLANG_WARN_RANGE_LOOP_ANALYSIS = YES;
				CLANG_WARN_STRICT_PROTOTYPES = YES;
				CLANG_WARN_SUSPICIOUS_MOVE = YES;
				CLANG_WARN_UNGUARDED_AVAILABILITY = YES_AGGRESSIVE;
				CLANG_WARN_UNREACHABLE_CODE = YES;
				CLANG_WARN__DUPLICATE_METHOD_MATCH = YES;
				COPY_PHASE_STRIP = NO;
				DEBUG_INFORMATION_FORMAT = "dwarf-with-dsym";
				ENABLE_NS_ASSERTIONS = NO;
				ENABLE_STRICT_OBJC_MSGSEND = YES;
				GCC_C_LANGUAGE_STANDARD = gnu11;
				GCC_NO_COMMON_BLOCKS = YES;
				GCC_WARN_64_TO_32_BIT_CONVERSION = YES;
				GCC_WARN_ABOUT_RETURN_TYPE = YES_ERROR;
				GCC_WARN_UNDECLARED_SELECTOR = YES;
				GCC_WARN_UNINITIALIZED_AUTOS = YES_AGGRESSIVE;
				GCC_WARN_UNUSED_FUNCTION = YES;
				GCC_WARN_UNUSED_VARIABLE = YES;
				IPHONEOS_DEPLOYMENT_TARGET = 13.2;
				MTL_ENABLE_DEBUG_INFO = NO;
				MTL_FAST_MATH = YES;
				SDKROOT = iphoneos;
				SWIFT_COMPILATION_MODE = wholemodule;
				SWIFT_OPTIMIZATION_LEVEL = "-O";
				VALIDATE_PRODUCT = YES;
			};
			name = Release;
		};
		2C9B71AD2472CFBE0053893A /* Debug */ = {
			isa = XCBuildConfiguration;
			buildSettings = {
				ASSETCATALOG_COMPILER_APPICON_NAME = AppIcon;
				CODE_SIGN_STYLE = Automatic;
				INFOPLIST_FILE = RaffleApp/Info.plist;
				LD_RUNPATH_SEARCH_PATHS = (
					"$(inherited)",
					"@executable_path/Frameworks",
				);
				PRODUCT_BUNDLE_IDENTIFIER = au.edu.utas.cis.lianxuez.RaffleApp;
				PRODUCT_NAME = "$(TARGET_NAME)";
				SWIFT_VERSION = 5.0;
				TARGETED_DEVICE_FAMILY = "1,2";
			};
			name = Debug;
		};
		2C9B71AE2472CFBE0053893A /* Release */ = {
			isa = XCBuildConfiguration;
			buildSettings = {
				ASSETCATALOG_COMPILER_APPICON_NAME = AppIcon;
				CODE_SIGN_STYLE = Automatic;
				INFOPLIST_FILE = RaffleApp/Info.plist;
				LD_RUNPATH_SEARCH_PATHS = (
					"$(inherited)",
					"@executable_path/Frameworks",
				);
				PRODUCT_BUNDLE_IDENTIFIER = au.edu.utas.cis.lianxuez.RaffleApp;
				PRODUCT_NAME = "$(TARGET_NAME)";
				SWIFT_VERSION = 5.0;
				TARGETED_DEVICE_FAMILY = "1,2";
			};
			name = Release;
		};
/* End XCBuildConfiguration section */

/* Begin XCConfigurationList section */
		2C9B71912472CFBB0053893A /* Build configuration list for PBXProject "RaffleApp" */ = {
			isa = XCConfigurationList;
			buildConfigurations = (
				2C9B71AA2472CFBE0053893A /* Debug */,
				2C9B71AB2472CFBE0053893A /* Release */,
			);
			defaultConfigurationIsVisible = 0;
			defaultConfigurationName = Release;
		};
		2C9B71AC2472CFBE0053893A /* Build configuration list for PBXNativeTarget "RaffleApp" */ = {
			isa = XCConfigurationList;
			buildConfigurations = (
				2C9B71AD2472CFBE0053893A /* Debug */,
				2C9B71AE2472CFBE0053893A /* Release */,
			);
			defaultConfigurationIsVisible = 0;
			defaultConfigurationName = Release;
		};
/* End XCConfigurationList section */
	};
	rootObject = 2C9B718E2472CFBB0053893A /* Project object */;
}
